
Microsoft Visual Studio Solution File, Format Version 12.00
# Visual Studio Version 16
VisualStudioVersion = 16.0.29806.167
MinimumVisualStudioVersion = 10.0.40219.1
Project("{FAE04EC0-301F-11D3-BF4B-00C04F79EFBC}") = "AutoPackage2019", "AutoPackage2019\AutoPackage2019.csproj", "{2C23678A-FD39-4117-8E80-581B86820F60}"
EndProject
Project("{9A19103F-16F7-4668-BE54-9A1E7A4F7556}") = "AutoPackgeCore", "AutoPackgeCore\AutoPackgeCore.csproj", "{0A5DEA2D-8387-4742-8446-92B8D15C951B}"
EndProject
Project("{FAE04EC0-301F-11D3-BF4B-00C04F79EFBC}") = "PackageTest", "PackageTest\PackageTest.csproj", "{FCC50F4D-A1E4-4919-92A1-39D8606EBC8A}"
EndProject
Global
	GlobalSection(SolutionConfigurationPlatforms) = preSolution
		Debug|Any CPU = Debug|Any CPU
		Release|Any CPU = Release|Any CPU
	EndGlobalSection
	GlobalSection(ProjectConfigurationPlatforms) = postSolution
		{2C23678A-FD39-4117-8E80-581B86820F60}.Debug|Any CPU.ActiveCfg = Debug|Any CPU
		{2C23678A-FD39-4117-8E80-581B86820F60}.Debug|Any CPU.Build.0 = Debug|Any CPU
		{2C23678A-FD39-4117-8E80-581B86820F60}.Release|Any CPU.ActiveCfg = Release|Any CPU
		{2C23678A-FD39-4117-8E80-581B86820F60}.Release|Any CPU.Build.0 = Release|Any CPU
		{0A5DEA2D-8387-4742-8446-92B8D15C951B}.Debug|Any CPU.ActiveCfg = Debug|Any CPU
		{0A5DEA2D-8387-4742-8446-92B8D15C951B}.Debug|Any CPU.Build.0 = Debug|Any CPU
		{0A5DEA2D-8387-4742-8446-92B8D15C951B}.Release|Any CPU.ActiveCfg = Release|Any CPU
		{0A5DEA2D-8387-4742-8446-92B8D15C951B}.Release|Any CPU.Build.0 = Release|Any CPU
		{FCC50F4D-A1E4-4919-92A1-39D8606EBC8A}.Debug|Any CPU.ActiveCfg = Debug|Any CPU
		{FCC50F4D-A1E4-4919-92A1-39D8606EBC8A}.Debug|Any CPU.Build.0 = Debug|Any CPU
		{FCC50F4D-A1E4-4919-92A1-39D8606EBC8A}.Release|Any CPU.ActiveCfg = Release|Any CPU
		{FCC50F4D-A1E4-4919-92A1-39D8606EBC8A}.Release|Any CPU.Build.0 = Release|Any CPU
	EndGlobalSection
	GlobalSection(SolutionProperties) = preSolution
		HideSolutionNode = FALSE
	EndGlobalSection
	GlobalSection(ExtensibilityGlobals) = postSolution
		SolutionGuid = {FC2AA7A2-8797-4CE4-9CC5-C7134232D1FB}
	EndGlobalSection
EndGlobal
